
Microsoft Visual Studio Solution File, Format Version 12.00
# Visual Studio Version 16
VisualStudioVersion = 16.0.31702.278
MinimumVisualStudioVersion = 10.0.40219.1
Project("{FAE04EC0-301F-11D3-BF4B-00C04F79EFBC}") = "CA211012", "CA211012\CA211012.csproj", "{44F3C3B1-8025-493D-BD58-AF75C0BDF915}"
EndProject
Global
	GlobalSection(SolutionConfigurationPlatforms) = preSolution
		Debug|Any CPU = Debug|Any CPU
		Release|Any CPU = Release|Any CPU
	EndGlobalSection
	GlobalSection(ProjectConfigurationPlatforms) = postSolution
		{44F3C3B1-8025-493D-BD58-AF75C0BDF915}.Debug|Any CPU.ActiveCfg = Debug|Any CPU
		{44F3C3B1-8025-493D-BD58-AF75C0BDF915}.Debug|Any CPU.Build.0 = Debug|Any CPU
		{44F3C3B1-8025-493D-BD58-AF75C0BDF915}.Release|Any CPU.ActiveCfg = Release|Any CPU
		{44F3C3B1-8025-493D-BD58-AF75C0BDF915}.Release|Any CPU.Build.0 = Release|Any CPU
	EndGlobalSection
	GlobalSection(SolutionProperties) = preSolution
		HideSolutionNode = FALSE
	EndGlobalSection
	GlobalSection(ExtensibilityGlobals) = postSolution
		SolutionGuid = {A98A97EF-159F-4383-96CD-272EC5A14446}
	EndGlobalSection
EndGlobal
